Microsoft Visual Studio Solution File, Format Version 12.00
# Visual Studio Version 17
VisualStudioVersion = 17.5.2.0
MinimumVisualStudioVersion = 10.0.40219.1
Project("{FAE04EC0-301F-11D3-BF4B-00C04F79EFBC}") = "CvWeaverDotNet", "CvWeaverDotNet.csproj", "{63338C33-6E2B-F09C-4469-4AE09EC70962}"
EndProject
Global
	GlobalSection(SolutionConfigurationPlatforms) = preSolution
		Debug|Any CPU = Debug|Any CPU
		Release|Any CPU = Release|Any CPU
	EndGlobalSection
	GlobalSection(ProjectConfigurationPlatforms) = postSolution
		{63338C33-6E2B-F09C-4469-4AE09EC70962}.Debug|Any CPU.ActiveCfg = Debug|Any CPU
		{63338C33-6E2B-F09C-4469-4AE09EC70962}.Debug|Any CPU.Build.0 = Debug|Any CPU
		{63338C33-6E2B-F09C-4469-4AE09EC70962}.Release|Any CPU.ActiveCfg = Release|Any CPU
		{63338C33-6E2B-F09C-4469-4AE09EC70962}.Release|Any CPU.Build.0 = Release|Any CPU
	EndGlobalSection
	GlobalSection(SolutionProperties) = preSolution
		HideSolutionNode = FALSE
	EndGlobalSection
	GlobalSection(ExtensibilityGlobals) = postSolution
		SolutionGuid = {C20154BC-AA32-434D-9F35-52F04866AF80}
	EndGlobalSection
EndGlobal
